
Microsoft Visual Studio Solution File, Format Version 12.00
# Visual Studio 15
VisualStudioVersion = 15.0.27428.1
MinimumVisualStudioVersion = 10.0.40219.1
Project("{FAE04EC0-301F-11D3-BF4B-00C04F79EFBC}") = "k152131_Q3", "k152131_Q3\k152131_Q3.csproj", "{67B07F66-6E8E-4163-A0FB-13AA47428154}"
EndProject
Global
	GlobalSection(SolutionConfigurationPlatforms) = preSolution
		Debug|Any CPU = Debug|Any CPU
		Release|Any CPU = Release|Any CPU
	EndGlobalSection
	GlobalSection(ProjectConfigurationPlatforms) = postSolution
		{67B07F66-6E8E-4163-A0FB-13AA47428154}.Debug|Any CPU.ActiveCfg = Debug|Any CPU
		{67B07F66-6E8E-4163-A0FB-13AA47428154}.Debug|Any CPU.Build.0 = Debug|Any CPU
		{67B07F66-6E8E-4163-A0FB-13AA47428154}.Release|Any CPU.ActiveCfg = Release|Any CPU
		{67B07F66-6E8E-4163-A0FB-13AA47428154}.Release|Any CPU.Build.0 = Release|Any CPU
	EndGlobalSection
	GlobalSection(SolutionProperties) = preSolution
		HideSolutionNode = FALSE
	EndGlobalSection
	GlobalSection(ExtensibilityGlobals) = postSolution
		SolutionGuid = {B43C7B46-334D-40B9-B464-9468F771B75A}
	EndGlobalSection
EndGlobal
