
Microsoft Visual Studio Solution File, Format Version 12.00
# Visual Studio 15
VisualStudioVersion = 15.0.27428.1
MinimumVisualStudioVersion = 10.0.40219.1
Project("{FAE04EC0-301F-11D3-BF4B-00C04F79EFBC}") = "K152131_Q3", "K152131_Q3\K152131_Q3.csproj", "{C46220A2-EA77-470D-B4F8-D5DD282C8892}"
EndProject
Global
	GlobalSection(SolutionConfigurationPlatforms) = preSolution
		Debug|Any CPU = Debug|Any CPU
		Release|Any CPU = Release|Any CPU
	EndGlobalSection
	GlobalSection(ProjectConfigurationPlatforms) = postSolution
		{C46220A2-EA77-470D-B4F8-D5DD282C8892}.Debug|Any CPU.ActiveCfg = Debug|Any CPU
		{C46220A2-EA77-470D-B4F8-D5DD282C8892}.Debug|Any CPU.Build.0 = Debug|Any CPU
		{C46220A2-EA77-470D-B4F8-D5DD282C8892}.Release|Any CPU.ActiveCfg = Release|Any CPU
		{C46220A2-EA77-470D-B4F8-D5DD282C8892}.Release|Any CPU.Build.0 = Release|Any CPU
	EndGlobalSection
	GlobalSection(SolutionProperties) = preSolution
		HideSolutionNode = FALSE
	EndGlobalSection
	GlobalSection(ExtensibilityGlobals) = postSolution
		SolutionGuid = {0DFEF55B-0778-44E9-8390-7E5295C96155}
	EndGlobalSection
EndGlobal
