
Microsoft Visual Studio Solution File, Format Version 12.00
# Visual Studio 15
VisualStudioVersion = 15.0.27428.1
MinimumVisualStudioVersion = 10.0.40219.1
Project("{FAE04EC0-301F-11D3-BF4B-00C04F79EFBC}") = "k152131_Q2", "k152131_Q2\k152131_Q2.csproj", "{775E8A75-2AAA-4FDD-87FF-0FAEBDC29C84}"
EndProject
Global
	GlobalSection(SolutionConfigurationPlatforms) = preSolution
		Debug|Any CPU = Debug|Any CPU
		Release|Any CPU = Release|Any CPU
	EndGlobalSection
	GlobalSection(ProjectConfigurationPlatforms) = postSolution
		{775E8A75-2AAA-4FDD-87FF-0FAEBDC29C84}.Debug|Any CPU.ActiveCfg = Debug|Any CPU
		{775E8A75-2AAA-4FDD-87FF-0FAEBDC29C84}.Debug|Any CPU.Build.0 = Debug|Any CPU
		{775E8A75-2AAA-4FDD-87FF-0FAEBDC29C84}.Release|Any CPU.ActiveCfg = Release|Any CPU
		{775E8A75-2AAA-4FDD-87FF-0FAEBDC29C84}.Release|Any CPU.Build.0 = Release|Any CPU
	EndGlobalSection
	GlobalSection(SolutionProperties) = preSolution
		HideSolutionNode = FALSE
	EndGlobalSection
	GlobalSection(ExtensibilityGlobals) = postSolution
		SolutionGuid = {085C2025-2324-4E97-8ED9-089FFA5EC830}
	EndGlobalSection
EndGlobal
